
Microsoft Visual Studio Solution File, Format Version 12.00
# Visual Studio Version 17
VisualStudioVersion = 17.0.31912.275
MinimumVisualStudioVersion = 10.0.40219.1
Project("{9A19103F-16F7-4668-BE54-9A1E7A4F7556}") = "PowerUtils.Text", "src\PowerUtils.Text.csproj", "{1A7DFCAC-72A3-4529-84C6-EFDC19471193}"
EndProject
Project("{9A19103F-16F7-4668-BE54-9A1E7A4F7556}") = "PowerUtils.Text.Tests", "tests\PowerUtils.Text.Tests.csproj", "{9FC19E83-4F93-4F7E-B02A-96F03C1ED155}"
EndProject
Project("{2150E333-8FDC-42A3-9474-1A3956D46DE8}") = "1.project", "1.project", "{15AC4A5C-3226-4925-BB3F-2572F157EC92}"
	ProjectSection(SolutionItems) = preProject
		.editorconfig = .editorconfig
		.gitignore = .gitignore
		CHANGELOG.md = CHANGELOG.md
		global.json = global.json
		LICENSE = LICENSE
		README.md = README.md
	EndProjectSection
EndProject
Project("{2150E333-8FDC-42A3-9474-1A3956D46DE8}") = "4.tests", "4.tests", "{09342690-CE7A-43FE-8D85-E50FC3E9D932}"
EndProject
Project("{2150E333-8FDC-42A3-9474-1A3956D46DE8}") = "3.src", "3.src", "{15471B51-7A87-4D85-9513-57A5F710F4E6}"
EndProject
Project("{2150E333-8FDC-42A3-9474-1A3956D46DE8}") = "2.cicd", "2.cicd", "{A8637C79-7A94-494B-A3C5-226149FB152A}"
	ProjectSection(SolutionItems) = preProject
		.github\dependabot.yml = .github\dependabot.yml
		.github\workflows\publish-nuget.yml = .github\workflows\publish-nuget.yml
		.github\workflows\sonarcloud.yml = .github\workflows\sonarcloud.yml
		.github\workflows\test-project.yml = .github\workflows\test-project.yml
	EndProjectSection
EndProject
Global
	GlobalSection(SolutionConfigurationPlatforms) = preSolution
		Debug|Any CPU = Debug|Any CPU
		Debug|x64 = Debug|x64
		Debug|x86 = Debug|x86
		Release|Any CPU = Release|Any CPU
		Release|x64 = Release|x64
		Release|x86 = Release|x86
	EndGlobalSection
	GlobalSection(ProjectConfigurationPlatforms) = postSolution
		{1A7DFCAC-72A3-4529-84C6-EFDC19471193}.Debug|Any CPU.ActiveCfg = Debug|Any CPU
		{1A7DFCAC-72A3-4529-84C6-EFDC19471193}.Debug|Any CPU.Build.0 = Debug|Any CPU
		{1A7DFCAC-72A3-4529-84C6-EFDC19471193}.Debug|x64.ActiveCfg = Debug|Any CPU
		{1A7DFCAC-72A3-4529-84C6-EFDC19471193}.Debug|x64.Build.0 = Debug|Any CPU
		{1A7DFCAC-72A3-4529-84C6-EFDC19471193}.Debug|x86.ActiveCfg = Debug|Any CPU
		{1A7DFCAC-72A3-4529-84C6-EFDC19471193}.Debug|x86.Build.0 = Debug|Any CPU
		{1A7DFCAC-72A3-4529-84C6-EFDC19471193}.Release|Any CPU.ActiveCfg = Release|Any CPU
		{1A7DFCAC-72A3-4529-84C6-EFDC19471193}.Release|Any CPU.Build.0 = Release|Any CPU
		{1A7DFCAC-72A3-4529-84C6-EFDC19471193}.Release|x64.ActiveCfg = Release|Any CPU
		{1A7DFCAC-72A3-4529-84C6-EFDC19471193}.Release|x64.Build.0 = Release|Any CPU
		{1A7DFCAC-72A3-4529-84C6-EFDC19471193}.Release|x86.ActiveCfg = Release|Any CPU
		{1A7DFCAC-72A3-4529-84C6-EFDC19471193}.Release|x86.Build.0 = Release|Any CPU
		{9FC19E83-4F93-4F7E-B02A-96F03C1ED155}.Debug|Any CPU.ActiveCfg = Debug|Any CPU
		{9FC19E83-4F93-4F7E-B02A-96F03C1ED155}.Debug|Any CPU.Build.0 = Debug|Any CPU
		{9FC19E83-4F93-4F7E-B02A-96F03C1ED155}.Debug|x64.ActiveCfg = Debug|Any CPU
		{9FC19E83-4F93-4F7E-B02A-96F03C1ED155}.Debug|x64.Build.0 = Debug|Any CPU
		{9FC19E83-4F93-4F7E-B02A-96F03C1ED155}.Debug|x86.ActiveCfg = Debug|Any CPU
		{9FC19E83-4F93-4F7E-B02A-96F03C1ED155}.Debug|x86.Build.0 = Debug|Any CPU
		{9FC19E83-4F93-4F7E-B02A-96F03C1ED155}.Release|Any CPU.ActiveCfg = Release|Any CPU
		{9FC19E83-4F93-4F7E-B02A-96F03C1ED155}.Release|Any CPU.Build.0 = Release|Any CPU
		{9FC19E83-4F93-4F7E-B02A-96F03C1ED155}.Release|x64.ActiveCfg = Release|Any CPU
		{9FC19E83-4F93-4F7E-B02A-96F03C1ED155}.Release|x64.Build.0 = Release|Any CPU
		{9FC19E83-4F93-4F7E-B02A-96F03C1ED155}.Release|x86.ActiveCfg = Release|Any CPU
		{9FC19E83-4F93-4F7E-B02A-96F03C1ED155}.Release|x86.Build.0 = Release|Any CPU
	EndGlobalSection
	GlobalSection(SolutionProperties) = preSolution
		HideSolutionNode = FALSE
	EndGlobalSection
	GlobalSection(NestedProjects) = preSolution
		{1A7DFCAC-72A3-4529-84C6-EFDC19471193} = {15471B51-7A87-4D85-9513-57A5F710F4E6}
		{9FC19E83-4F93-4F7E-B02A-96F03C1ED155} = {09342690-CE7A-43FE-8D85-E50FC3E9D932}
	EndGlobalSection
	GlobalSection(ExtensibilityGlobals) = postSolution
		SolutionGuid = {CE3884ED-D811-4198-B5C1-B500EEFDAFE1}
	EndGlobalSection
EndGlobal
